
Microsoft Visual Studio Solution File, Format Version 12.00
# Visual Studio Version 17
VisualStudioVersion = 17.5.33530.505
MinimumVisualStudioVersion = 10.0.40219.1
Project("{FAE04EC0-301F-11D3-BF4B-00C04F79EFBC}") = "Ex01_01", "Ex01_01\Ex01_01.csproj", "{F547F06F-5F2C-4851-9360-4B82F5D211F7}"
EndProject
Project("{FAE04EC0-301F-11D3-BF4B-00C04F79EFBC}") = "Ex01_02", "Ex01_02\Ex01_02.csproj", "{78299E69-BEBB-4B35-918B-8B300E7A38F2}"
EndProject
Project("{FAE04EC0-301F-11D3-BF4B-00C04F79EFBC}") = "Ex01_03", "Ex01_03\Ex01_03.csproj", "{BC51BC47-EB5F-4709-9D87-11784F10A463}"
EndProject
Project("{FAE04EC0-301F-11D3-BF4B-00C04F79EFBC}") = "Ex01_04", "Ex01_04\Ex01_04.csproj", "{A0A52CD6-202A-47FF-905A-45A55A1C797B}"
EndProject
Project("{FAE04EC0-301F-11D3-BF4B-00C04F79EFBC}") = "Ex01_05", "Ex01_05\Ex01_05.csproj", "{1C2B89EF-3944-4A7A-9A2A-6B81808E2371}"
EndProject
Global
	GlobalSection(SolutionConfigurationPlatforms) = preSolution
		Debug|Any CPU = Debug|Any CPU
		Release|Any CPU = Release|Any CPU
	EndGlobalSection
	GlobalSection(ProjectConfigurationPlatforms) = postSolution
		{F547F06F-5F2C-4851-9360-4B82F5D211F7}.Debug|Any CPU.ActiveCfg = Debug|Any CPU
		{F547F06F-5F2C-4851-9360-4B82F5D211F7}.Debug|Any CPU.Build.0 = Debug|Any CPU
		{F547F06F-5F2C-4851-9360-4B82F5D211F7}.Release|Any CPU.ActiveCfg = Release|Any CPU
		{F547F06F-5F2C-4851-9360-4B82F5D211F7}.Release|Any CPU.Build.0 = Release|Any CPU
		{78299E69-BEBB-4B35-918B-8B300E7A38F2}.Debug|Any CPU.ActiveCfg = Debug|Any CPU
		{78299E69-BEBB-4B35-918B-8B300E7A38F2}.Debug|Any CPU.Build.0 = Debug|Any CPU
		{78299E69-BEBB-4B35-918B-8B300E7A38F2}.Release|Any CPU.ActiveCfg = Release|Any CPU
		{78299E69-BEBB-4B35-918B-8B300E7A38F2}.Release|Any CPU.Build.0 = Release|Any CPU
		{BC51BC47-EB5F-4709-9D87-11784F10A463}.Debug|Any CPU.ActiveCfg = Debug|Any CPU
		{BC51BC47-EB5F-4709-9D87-11784F10A463}.Debug|Any CPU.Build.0 = Debug|Any CPU
		{BC51BC47-EB5F-4709-9D87-11784F10A463}.Release|Any CPU.ActiveCfg = Release|Any CPU
		{BC51BC47-EB5F-4709-9D87-11784F10A463}.Release|Any CPU.Build.0 = Release|Any CPU
		{A0A52CD6-202A-47FF-905A-45A55A1C797B}.Debug|Any CPU.ActiveCfg = Debug|Any CPU
		{A0A52CD6-202A-47FF-905A-45A55A1C797B}.Debug|Any CPU.Build.0 = Debug|Any CPU
		{A0A52CD6-202A-47FF-905A-45A55A1C797B}.Release|Any CPU.ActiveCfg = Release|Any CPU
		{A0A52CD6-202A-47FF-905A-45A55A1C797B}.Release|Any CPU.Build.0 = Release|Any CPU
		{1C2B89EF-3944-4A7A-9A2A-6B81808E2371}.Debug|Any CPU.ActiveCfg = Debug|Any CPU
		{1C2B89EF-3944-4A7A-9A2A-6B81808E2371}.Debug|Any CPU.Build.0 = Debug|Any CPU
		{1C2B89EF-3944-4A7A-9A2A-6B81808E2371}.Release|Any CPU.ActiveCfg = Release|Any CPU
		{1C2B89EF-3944-4A7A-9A2A-6B81808E2371}.Release|Any CPU.Build.0 = Release|Any CPU
	EndGlobalSection
	GlobalSection(SolutionProperties) = preSolution
		HideSolutionNode = FALSE
	EndGlobalSection
	GlobalSection(ExtensibilityGlobals) = postSolution
		SolutionGuid = {08B9DC47-11C6-4B4A-BAA0-FB342904B069}
	EndGlobalSection
EndGlobal
